{
  "name": "myapp",
  "version": "1.0.0",
  "lockfileVersion": 3,
  "requires": true,
  "packages": {
    "": {
      "name": "myapp",
      "version": "1.0.0",
      "license": "MIT",
      "dependencies": {
        "dom.cl": "github:pavelvasev/dom.cl",
        "lib3d.cl": "github:pavelvasev/lib3d.cl"
      }
    },
    "node_modules/dom.cl": {
      "version": "1.0.0",
      "resolved": "git+ssh://git@github.com/pavelvasev/dom.cl.git#cca9bb2bde79505b9f9d7660964c81ad7154f8e2",
      "license": "MIT"
    },
    "node_modules/lib3d.cl": {
      "version": "1.0.0",
      "resolved": "git+ssh://git@github.com/pavelvasev/lib3d.cl.git#ea178b136aeef1a85fde1aabd8ac6c5502d94a9f",
      "license": "MIT",
      "dependencies": {
        "dom.cl": "github:pavelvasev/dom.cl",
        "three": "^0.159.0"
      }
    },
    "node_modules/three": {
      "version": "0.159.0",
      "resolved": "https://registry.npmjs.org/three/-/three-0.159.0.tgz",
      "integrity": "sha512-eCmhlLGbBgucuo4VEA9IO3Qpc7dh8Bd4VKzr7WfW4+8hMcIfoAVi1ev0pJYN9PTTsCslbcKgBwr2wNZ1EvLInA=="
    }
  }
}
